
Microsoft Visual Studio Solution File, Format Version 12.00
# Visual Studio Version 17
VisualStudioVersion = 17.5.33530.505
MinimumVisualStudioVersion = 10.0.40219.1
Project("{FAE04EC0-301F-11D3-BF4B-00C04F79EFBC}") = "H3 - SimpleWebServer", "H3 - SimpleWebServer\H3 - SimpleWebServer.csproj", "{720DAF70-A7CA-496D-A433-9991D47E88FD}"
EndProject
Global
	GlobalSection(SolutionConfigurationPlatforms) = preSolution
		Debug|Any CPU = Debug|Any CPU
		Release|Any CPU = Release|Any CPU
	EndGlobalSection
	GlobalSection(ProjectConfigurationPlatforms) = postSolution
		{720DAF70-A7CA-496D-A433-9991D47E88FD}.Debug|Any CPU.ActiveCfg = Debug|Any CPU
		{720DAF70-A7CA-496D-A433-9991D47E88FD}.Debug|Any CPU.Build.0 = Debug|Any CPU
		{720DAF70-A7CA-496D-A433-9991D47E88FD}.Release|Any CPU.ActiveCfg = Release|Any CPU
		{720DAF70-A7CA-496D-A433-9991D47E88FD}.Release|Any CPU.Build.0 = Release|Any CPU
	EndGlobalSection
	GlobalSection(SolutionProperties) = preSolution
		HideSolutionNode = FALSE
	EndGlobalSection
	GlobalSection(ExtensibilityGlobals) = postSolution
		SolutionGuid = {99150353-2BEF-4564-B65A-2E0317B8C050}
	EndGlobalSection
EndGlobal
